
Microsoft Visual Studio Solution File, Format Version 12.00
#
Project("{FAE04EC0-301F-11D3-BF4B-00C04F79EFBC}") = "EM.UI.Blazor", "EM.UI.Blazor\EM.UI.Blazor.csproj", "{1AC5F2B3-10BE-4B68-8016-1A76DA9E6D6B}"
EndProject
Project("{FAE04EC0-301F-11D3-BF4B-00C04F79EFBC}") = "EM.IdentityServer4", "EM.IdentityServer4\EM.IdentityServer4.csproj", "{78934E83-9DC6-4D98-910A-AFC81CF2FFF6}"
EndProject
Project("{FAE04EC0-301F-11D3-BF4B-00C04F79EFBC}") = "EM.WebApi.Core", "EM.WebApi.Core\EM.WebApi.Core.csproj", "{D7476B37-1B24-4C59-8D1B-AB7476FA8DDA}"
EndProject
Project("{9A19103F-16F7-4668-BE54-9A1E7A4F7556}") = "EM.Contracts", "EM.Contracts\EM.Contracts.csproj", "{EB518571-278E-4942-A973-0930C18FF96C}"
EndProject
Project("{FAE04EC0-301F-11D3-BF4B-00C04F79EFBC}") = "EM.Dto", "EM.Dto\EM.Dto.csproj", "{563592CB-3D0E-4473-9B2F-73CF5B8F65CF}"
EndProject
Project("{FAE04EC0-301F-11D3-BF4B-00C04F79EFBC}") = "EM.Shared", "EM.Shared\EM.Shared.csproj", "{D9E57649-706A-4FB8-A1E6-3308EF7B15E6}"
EndProject
Project("{FAE04EC0-301F-11D3-BF4B-00C04F79EFBC}") = "EM.MicroService.Location", "EM.MicroService.Location\EM.MicroService.Location.csproj", "{304D3F4A-04BD-4E69-9E26-4B5B83CCBCCA}"
EndProject
Project("{FAE04EC0-301F-11D3-BF4B-00C04F79EFBC}") = "EM.MicroService.SearchApi", "EM.MicroService.SearchApi\EM.MicroService.SearchApi.csproj", "{F5E2919D-8B5D-449A-B07F-2C80610D853C}"
EndProject
Project("{FAE04EC0-301F-11D3-BF4B-00C04F79EFBC}") = "EM.UnitTests", "EM.UnitTests\EM.UnitTests.csproj", "{F3F1A2FB-57F7-4CAD-97BF-2A5562DB732B}"
EndProject
Global
	GlobalSection(SolutionConfigurationPlatforms) = preSolution
		Debug|Any CPU = Debug|Any CPU
		Release|Any CPU = Release|Any CPU
	EndGlobalSection
	GlobalSection(ProjectConfigurationPlatforms) = postSolution
		{1AC5F2B3-10BE-4B68-8016-1A76DA9E6D6B}.Debug|Any CPU.ActiveCfg = Debug|Any CPU
		{1AC5F2B3-10BE-4B68-8016-1A76DA9E6D6B}.Debug|Any CPU.Build.0 = Debug|Any CPU
		{1AC5F2B3-10BE-4B68-8016-1A76DA9E6D6B}.Release|Any CPU.ActiveCfg = Release|Any CPU
		{1AC5F2B3-10BE-4B68-8016-1A76DA9E6D6B}.Release|Any CPU.Build.0 = Release|Any CPU
		{78934E83-9DC6-4D98-910A-AFC81CF2FFF6}.Debug|Any CPU.ActiveCfg = Debug|Any CPU
		{78934E83-9DC6-4D98-910A-AFC81CF2FFF6}.Debug|Any CPU.Build.0 = Debug|Any CPU
		{78934E83-9DC6-4D98-910A-AFC81CF2FFF6}.Release|Any CPU.ActiveCfg = Release|Any CPU
		{78934E83-9DC6-4D98-910A-AFC81CF2FFF6}.Release|Any CPU.Build.0 = Release|Any CPU
		{D7476B37-1B24-4C59-8D1B-AB7476FA8DDA}.Debug|Any CPU.ActiveCfg = Debug|Any CPU
		{D7476B37-1B24-4C59-8D1B-AB7476FA8DDA}.Debug|Any CPU.Build.0 = Debug|Any CPU
		{D7476B37-1B24-4C59-8D1B-AB7476FA8DDA}.Release|Any CPU.ActiveCfg = Release|Any CPU
		{D7476B37-1B24-4C59-8D1B-AB7476FA8DDA}.Release|Any CPU.Build.0 = Release|Any CPU
		{EB518571-278E-4942-A973-0930C18FF96C}.Debug|Any CPU.ActiveCfg = Debug|Any CPU
		{EB518571-278E-4942-A973-0930C18FF96C}.Debug|Any CPU.Build.0 = Debug|Any CPU
		{EB518571-278E-4942-A973-0930C18FF96C}.Release|Any CPU.ActiveCfg = Release|Any CPU
		{EB518571-278E-4942-A973-0930C18FF96C}.Release|Any CPU.Build.0 = Release|Any CPU
		{563592CB-3D0E-4473-9B2F-73CF5B8F65CF}.Debug|Any CPU.ActiveCfg = Debug|Any CPU
		{563592CB-3D0E-4473-9B2F-73CF5B8F65CF}.Debug|Any CPU.Build.0 = Debug|Any CPU
		{563592CB-3D0E-4473-9B2F-73CF5B8F65CF}.Release|Any CPU.ActiveCfg = Release|Any CPU
		{563592CB-3D0E-4473-9B2F-73CF5B8F65CF}.Release|Any CPU.Build.0 = Release|Any CPU
		{D9E57649-706A-4FB8-A1E6-3308EF7B15E6}.Debug|Any CPU.ActiveCfg = Debug|Any CPU
		{D9E57649-706A-4FB8-A1E6-3308EF7B15E6}.Debug|Any CPU.Build.0 = Debug|Any CPU
		{D9E57649-706A-4FB8-A1E6-3308EF7B15E6}.Release|Any CPU.ActiveCfg = Release|Any CPU
		{D9E57649-706A-4FB8-A1E6-3308EF7B15E6}.Release|Any CPU.Build.0 = Release|Any CPU
		{304D3F4A-04BD-4E69-9E26-4B5B83CCBCCA}.Debug|Any CPU.ActiveCfg = Debug|Any CPU
		{304D3F4A-04BD-4E69-9E26-4B5B83CCBCCA}.Debug|Any CPU.Build.0 = Debug|Any CPU
		{304D3F4A-04BD-4E69-9E26-4B5B83CCBCCA}.Release|Any CPU.ActiveCfg = Release|Any CPU
		{304D3F4A-04BD-4E69-9E26-4B5B83CCBCCA}.Release|Any CPU.Build.0 = Release|Any CPU
		{F5E2919D-8B5D-449A-B07F-2C80610D853C}.Debug|Any CPU.ActiveCfg = Debug|Any CPU
		{F5E2919D-8B5D-449A-B07F-2C80610D853C}.Debug|Any CPU.Build.0 = Debug|Any CPU
		{F5E2919D-8B5D-449A-B07F-2C80610D853C}.Release|Any CPU.ActiveCfg = Release|Any CPU
		{F5E2919D-8B5D-449A-B07F-2C80610D853C}.Release|Any CPU.Build.0 = Release|Any CPU
		{F3F1A2FB-57F7-4CAD-97BF-2A5562DB732B}.Debug|Any CPU.ActiveCfg = Debug|Any CPU
		{F3F1A2FB-57F7-4CAD-97BF-2A5562DB732B}.Debug|Any CPU.Build.0 = Debug|Any CPU
		{F3F1A2FB-57F7-4CAD-97BF-2A5562DB732B}.Release|Any CPU.ActiveCfg = Release|Any CPU
		{F3F1A2FB-57F7-4CAD-97BF-2A5562DB732B}.Release|Any CPU.Build.0 = Release|Any CPU
	EndGlobalSection
EndGlobal
